Microsoft Visual Studio Solution File, Format Version 12.00
# Visual Studio Version 17
VisualStudioVersion = 17.5.2.0
MinimumVisualStudioVersion = 10.0.40219.1
Project("{FAE04EC0-301F-11D3-BF4B-00C04F79EFBC}") = "inventory-management-system", "inventory-management-system.csproj", "{00C71919-BF97-5420-98B2-FB13E88E58F7}"
EndProject
Global
	GlobalSection(SolutionConfigurationPlatforms) = preSolution
		Debug|Any CPU = Debug|Any CPU
		Release|Any CPU = Release|Any CPU
	EndGlobalSection
	GlobalSection(ProjectConfigurationPlatforms) = postSolution
		{00C71919-BF97-5420-98B2-FB13E88E58F7}.Debug|Any CPU.ActiveCfg = Debug|Any CPU
		{00C71919-BF97-5420-98B2-FB13E88E58F7}.Debug|Any CPU.Build.0 = Debug|Any CPU
		{00C71919-BF97-5420-98B2-FB13E88E58F7}.Release|Any CPU.ActiveCfg = Release|Any CPU
		{00C71919-BF97-5420-98B2-FB13E88E58F7}.Release|Any CPU.Build.0 = Release|Any CPU
	EndGlobalSection
	GlobalSection(SolutionProperties) = preSolution
		HideSolutionNode = FALSE
	EndGlobalSection
	GlobalSection(ExtensibilityGlobals) = postSolution
		SolutionGuid = {DD24B494-07DB-46A7-B4DB-6B31E7402701}
	EndGlobalSection
EndGlobal
