Microsoft Visual Studio Solution File, Format Version 12.00
# Visual Studio Version 17
VisualStudioVersion = 17.5.2.0
MinimumVisualStudioVersion = 10.0.40219.1
Project("{FAE04EC0-301F-11D3-BF4B-00C04F79EFBC}") = "Inventory-Management-System", "Inventory-Management-System.csproj", "{00C71919-BF97-5420-98B2-FB13E88E58F7}"
EndProject
Global
	GlobalSection(SolutionConfigurationPlatforms) = preSolution
		Debug|Any CPU = Debug|Any CPU
		Release|Any CPU = Release|Any CPU
	EndGlobalSection
	GlobalSection(ProjectConfigurationPlatforms) = postSolution
		{00C71919-BF97-5420-98B2-FB13E88E58F7}.Debug|Any CPU.ActiveCfg = Debug|Any CPU
		{00C71919-BF97-5420-98B2-FB13E88E58F7}.Debug|Any CPU.Build.0 = Debug|Any CPU
		{00C71919-BF97-5420-98B2-FB13E88E58F7}.Release|Any CPU.ActiveCfg = Release|Any CPU
		{00C71919-BF97-5420-98B2-FB13E88E58F7}.Release|Any CPU.Build.0 = Release|Any CPU
	EndGlobalSection
	GlobalSection(SolutionProperties) = preSolution
		HideSolutionNode = FALSE
	EndGlobalSection
	GlobalSection(ExtensibilityGlobals) = postSolution
		SolutionGuid = {05E2F524-1C1C-4D54-921D-60ED00EF7DD8}
	EndGlobalSection
EndGlobal
